<?xml version="1.0" encoding="utf-8"?>
<Project ToolsVersion="4.0" xmlns="http://schemas.microsoft.com/developer/msbuild/2003">
  <ItemGroup>
    <ClCompile Include="DatabaseWizard.cpp" />
    <ClCompile Include="Feature.cpp" />
    <ClCompile Include="GdalUtil.cpp" />
    <ClCompile Include="GeneratedFiles\Debug\moc_DatabaseWizard.cpp" />
    <ClCompile Include="GeneratedFiles\Debug\moc_geojsonparese.cpp" />
    <ClCompile Include="GeneratedFiles\Debug\moc_MyAction.cpp" />
    <ClCompile Include="GeneratedFiles\Debug\moc_MyColorButton.cpp" />
    <ClCompile Include="GeneratedFiles\Debug\moc_myopenglwidget.cpp" />
    <ClCompile Include="GeneratedFiles\Debug\moc_openglwindow.cpp" />
    <ClCompile Include="GeneratedFiles\Debug\moc_qpainterwidget.cpp" />
    <ClCompile Include="GeneratedFiles\Debug\moc_StyleWidget.cpp" />
    <ClCompile Include="GeneratedFiles\Debug\moc_trianglewindow.cpp" />
    <ClCompile Include="GeneratedFiles\qrc_geojsonparese.cpp" />
    <ClCompile Include="GeneratedFiles\Release\moc_DatabaseWizard.cpp" />
    <ClCompile Include="GeneratedFiles\Release\moc_geojsonparese.cpp" />
    <ClCompile Include="GeneratedFiles\Release\moc_MyAction.cpp" />
    <ClCompile Include="GeneratedFiles\Release\moc_MyColorButton.cpp" />
    <ClCompile Include="GeneratedFiles\Release\moc_myopenglwidget.cpp" />
    <ClCompile Include="GeneratedFiles\Release\moc_openglwindow.cpp" />
    <ClCompile Include="GeneratedFiles\Release\moc_qpainterwidget.cpp" />
    <ClCompile Include="GeneratedFiles\Release\moc_StyleWidget.cpp" />
    <ClCompile Include="GeneratedFiles\Release\moc_trianglewindow.cpp" />
    <ClCompile Include="GeoDataSource.cpp" />
    <ClCompile Include="geojsonparese.cpp" />
    <ClCompile Include="Geometry.cpp" />
    <ClCompile Include="GeoMultiPolygon.cpp" />
    <ClCompile Include="GeoMultiPolyline.cpp" />
    <ClCompile Include="gpc.cpp" />
    <ClCompile Include="Grid.cpp" />
    <ClCompile Include="GridIndex.cpp" />
    <ClCompile Include="JsonUtil.cpp" />
    <ClCompile Include="Layer.cpp" />
    <ClCompile Include="main.cpp" />
    <ClCompile Include="GeoMap.cpp" />
    <ClCompile Include="MapPrjLambert.cpp" />
    <ClCompile Include="MapPrjMercator.cpp" />
    <ClCompile Include="MapPrjUtil.cpp" />
    <ClCompile Include="MouseDragAction.cpp" />
    <ClCompile Include="MouseZoomAction.cpp" />
    <ClCompile Include="MyAction.cpp" />
    <ClCompile Include="MyColorButton.cpp" />
    <ClCompile Include="myopenglwidget.cpp" />
    <ClCompile Include="MyOpenGlWidgetFactory.cpp" />
    <ClCompile Include="openglwindow.cpp" />
    <ClCompile Include="GeoPoint.cpp" />
    <ClCompile Include="GeoPolygon.cpp" />
    <ClCompile Include="GeoPolyline.cpp" />
    <ClCompile Include="qpainterwidget.cpp" />
    <ClCompile Include="SldUtil.cpp" />
    <ClCompile Include="SpatialIndex.cpp" />
    <ClCompile Include="StyleWidget.cpp" />
    <ClCompile Include="SymbolStyle.cpp" />
    <ClCompile Include="trianglewindow.cpp" />
    <ClCompile Include="triangulate.cpp" />
  </ItemGroup>
  <ItemGroup>
    <ClInclude Include="GeneratedFiles\ui_StyleWidget.h" />
    <ClInclude Include="gpc.h" />
    <ClInclude Include="Grid.h" />
    <ClInclude Include="GridIndex.h" />
    <ClInclude Include="MapPrjLambert.h" />
    <ClInclude Include="MapPrjMercator.h" />
    <ClInclude Include="MapPrjUtil.h" />
    <ClInclude Include="MouseDragAction.h" />
    <ClInclude Include="resource.h" />
    <ClInclude Include="SldUtil.h" />
    <ClInclude Include="SpatialIndex.h" />
    <ClInclude Include="SymbolStyle.h" />
    <ClInclude Include="MouseZoomAction.h" />
    <ClInclude Include="MyOpenGlWidgetFactory.h" />
    <ClInclude Include="triangulate.h" />
    <ClInclude Include="Feature.h" />
    <ClInclude Include="GdalUtil.h" />
    <ClInclude Include="GeneratedFiles\ui_geojsonparese.h" />
    <ClInclude Include="GeneratedFiles\ui_myopenglwidget.h" />
    <ClInclude Include="GeneratedFiles\ui_qpainterwidget.h" />
    <ClInclude Include="GeoDataSource.h" />
    <ClInclude Include="Geometry.h" />
    <ClInclude Include="GeoMultiPolygon.h" />
    <ClInclude Include="GeoMultiPolyline.h" />
    <ClInclude Include="JsonUtil.h" />
    <ClInclude Include="Layer.h" />
    <ClInclude Include="GeoMap.h" />
    <ClInclude Include="GeoPoint.h" />
    <ClInclude Include="GeoPolygon.h" />
    <ClInclude Include="GeoPolyline.h" />
  </ItemGroup>
  <ItemGroup>
    <CustomBuild Include="geojsonparese.h" />
    <CustomBuild Include="geojsonparese.ui" />
    <CustomBuild Include="MyAction.h" />
    <CustomBuild Include="MyColorButton.h" />
    <CustomBuild Include="StyleWidget.h" />
    <CustomBuild Include="qpainterwidget.h" />
    <CustomBuild Include="trianglewindow.h" />
    <CustomBuild Include="DatabaseWizard.h" />
    <CustomBuild Include="openglwindow.h" />
    <CustomBuild Include="myopenglwidget.h" />
    <CustomBuild Include="geojsonparese.qrc" />
    <CustomBuild Include="qpainterwidget.ui" />
    <CustomBuild Include="myopenglwidget.ui" />
    <CustomBuild Include="StyleWidget.ui" />
  </ItemGroup>
  <ItemGroup>
    <ResourceCompile Include="GeoSystem.rc" />
  </ItemGroup>
</Project>