<?xml version="1.0" encoding="utf-8"?>
<Project ToolsVersion="4.0" xmlns="http://schemas.microsoft.com/developer/msbuild/2003">
  <ItemGroup>
    <ClCompile Include="AudioInputWidget.cpp" />
    <ClCompile Include="AudioUtil.cpp" />
    <ClCompile Include="DatabaseWizard.cpp" />
    <ClCompile Include="Feature.cpp" />
    <ClCompile Include="GdalUtil.cpp" />
    <ClCompile Include="GeneratedFiles\Debug\moc_AudioInputWidget.cpp" />
    <ClCompile Include="GeneratedFiles\Debug\moc_AudioUtil.cpp" />
    <ClCompile Include="GeneratedFiles\Debug\moc_DatabaseWizard.cpp" />
    <ClCompile Include="GeneratedFiles\Debug\moc_geojsonparese.cpp" />
    <ClCompile Include="GeneratedFiles\Debug\moc_MGridInfoWidget.cpp" />
    <ClCompile Include="GeneratedFiles\Debug\moc_MyAction.cpp" />
    <ClCompile Include="GeneratedFiles\Debug\moc_MyColorButton.cpp" />
    <ClCompile Include="GeneratedFiles\Debug\moc_myopenglwidget.cpp" />
    <ClCompile Include="GeneratedFiles\Debug\moc_MyTableWidget.cpp" />
    <ClCompile Include="GeneratedFiles\Debug\moc_openglwindow.cpp" />
    <ClCompile Include="GeneratedFiles\Debug\moc_qpainterwidget.cpp" />
    <ClCompile Include="GeneratedFiles\Debug\moc_StyleWidget.cpp" />
    <ClCompile Include="GeneratedFiles\Debug\moc_trianglewindow.cpp" />
    <ClCompile Include="GeneratedFiles\qrc_geojsonparese.cpp" />
    <ClCompile Include="GeneratedFiles\Release\moc_AudioInputWidget.cpp" />
    <ClCompile Include="GeneratedFiles\Release\moc_AudioUtil.cpp" />
    <ClCompile Include="GeneratedFiles\Release\moc_DatabaseWizard.cpp" />
    <ClCompile Include="GeneratedFiles\Release\moc_geojsonparese.cpp" />
    <ClCompile Include="GeneratedFiles\Release\moc_MGridInfoWidget.cpp" />
    <ClCompile Include="GeneratedFiles\Release\moc_MyAction.cpp" />
    <ClCompile Include="GeneratedFiles\Release\moc_MyColorButton.cpp" />
    <ClCompile Include="GeneratedFiles\Release\moc_myopenglwidget.cpp" />
    <ClCompile Include="GeneratedFiles\Release\moc_MyTableWidget.cpp" />
    <ClCompile Include="GeneratedFiles\Release\moc_openglwindow.cpp" />
    <ClCompile Include="GeneratedFiles\Release\moc_qpainterwidget.cpp" />
    <ClCompile Include="GeneratedFiles\Release\moc_StyleWidget.cpp" />
    <ClCompile Include="GeneratedFiles\Release\moc_trianglewindow.cpp" />
    <ClCompile Include="GeoDataSource.cpp" />
    <ClCompile Include="geojsonparese.cpp" />
    <ClCompile Include="MGeometry.cpp" />
    <ClCompile Include="GeoMultiPolygon.cpp" />
    <ClCompile Include="GeoMultiPolyline.cpp" />
    <ClCompile Include="gpc.cpp" />
    <ClCompile Include="Grid.cpp" />
    <ClCompile Include="GridIndex.cpp" />
    <ClCompile Include="JsonUtil.cpp" />
    <ClCompile Include="Layer.cpp" />
    <ClCompile Include="main.cpp" />
    <ClCompile Include="GeoMap.cpp" />
    <ClCompile Include="MapPrjLambert.cpp" />
    <ClCompile Include="MapPrjMercator.cpp" />
    <ClCompile Include="MapPrjUtil.cpp" />
    <ClCompile Include="MGeosUtil.cpp" />
    <ClCompile Include="MGridInfoWidget.cpp" />
    <ClCompile Include="MouseDragAction.cpp" />
    <ClCompile Include="MouseZoomAction.cpp" />
    <ClCompile Include="MyAction.cpp" />
    <ClCompile Include="MyColorButton.cpp" />
    <ClCompile Include="myopenglwidget.cpp" />
    <ClCompile Include="MyOpenGlWidgetFactory.cpp" />
    <ClCompile Include="MyTableWidget.cpp" />
    <ClCompile Include="openglwindow.cpp" />
    <ClCompile Include="GeoPoint.cpp" />
    <ClCompile Include="GeoPolygon.cpp" />
    <ClCompile Include="GeoPolyline.cpp" />
    <ClCompile Include="qpainterwidget.cpp" />
    <ClCompile Include="SldUtil.cpp" />
    <ClCompile Include="SpatialIndex.cpp" />
    <ClCompile Include="StyleWidget.cpp" />
    <ClCompile Include="SymbolStyle.cpp" />
    <ClCompile Include="trianglewindow.cpp" />
    <ClCompile Include="triangulate.cpp" />
    <ClCompile Include="GeneratedFiles\Debug\moc_ToolWidget.cpp">
      <Filter>Generated Files</Filter>
    </ClCompile>
    <ClCompile Include="GeneratedFiles\Release\moc_ToolWidget.cpp">
      <Filter>Generated Files</Filter>
    </ClCompile>
    <ClCompile Include="ToolWidget.cpp">
      <Filter>Source Files</Filter>
    </ClCompile>
    <ClCompile Include="GeneratedFiles\Debug\moc_KernelToolWidget.cpp">
      <Filter>Generated Files</Filter>
    </ClCompile>
    <ClCompile Include="GeneratedFiles\Release\moc_KernelToolWidget.cpp">
      <Filter>Generated Files</Filter>
    </ClCompile>
    <ClCompile Include="KernelToolWidget.cpp">
      <Filter>Source Files</Filter>
    </ClCompile>
  </ItemGroup>
  <ItemGroup>
    <ClInclude Include="GeneratedFiles\ui_MGridInfoWidget.h" />
    <ClInclude Include="GeneratedFiles\ui_MyTableWidget.h" />
    <ClInclude Include="GeneratedFiles\ui_AudioInputWidget.h" />
    <ClInclude Include="GeneratedFiles\ui_StyleWidget.h" />
    <ClInclude Include="GeosUtil.h" />
    <ClInclude Include="gpc.h" />
    <ClInclude Include="Grid.h" />
    <ClInclude Include="GridIndex.h" />
    <ClInclude Include="MapPrjLambert.h" />
    <ClInclude Include="MapPrjMercator.h" />
    <ClInclude Include="MapPrjUtil.h" />
    <ClInclude Include="MGeosUtil.h" />
    <ClInclude Include="MouseDragAction.h" />
    <ClInclude Include="resource.h" />
    <ClInclude Include="SldUtil.h" />
    <ClInclude Include="SpatialIndex.h" />
    <ClInclude Include="SymbolStyle.h" />
    <ClInclude Include="MouseZoomAction.h" />
    <ClInclude Include="MyOpenGlWidgetFactory.h" />
    <ClInclude Include="triangulate.h" />
    <ClInclude Include="Feature.h" />
    <ClInclude Include="GdalUtil.h" />
    <ClInclude Include="GeneratedFiles\ui_geojsonparese.h" />
    <ClInclude Include="GeneratedFiles\ui_myopenglwidget.h" />
    <ClInclude Include="GeneratedFiles\ui_qpainterwidget.h" />
    <ClInclude Include="GeoDataSource.h" />
    <ClInclude Include="MGeometry.h" />
    <ClInclude Include="GeoMultiPolygon.h" />
    <ClInclude Include="GeoMultiPolyline.h" />
    <ClInclude Include="JsonUtil.h" />
    <ClInclude Include="Layer.h" />
    <ClInclude Include="GeoMap.h" />
    <ClInclude Include="GeoPoint.h" />
    <ClInclude Include="GeoPolygon.h" />
    <ClInclude Include="GeoPolyline.h" />
    <ClInclude Include="GeneratedFiles\ui_ToolWidget.h">
      <Filter>Generated Files</Filter>
    </ClInclude>
    <ClInclude Include="GeneratedFiles\ui_KernelToolWidget.h">
      <Filter>Generated Files</Filter>
    </ClInclude>
  </ItemGroup>
  <ItemGroup>
    <CustomBuild Include="geojsonparese.h" />
    <CustomBuild Include="geojsonparese.ui" />
    <CustomBuild Include="AudioUtil.h" />
    <CustomBuild Include="AudioInputWidget.h" />
    <CustomBuild Include="MGridInfoWidget.h" />
    <CustomBuild Include="MyAction.h" />
    <CustomBuild Include="MyColorButton.h" />
    <CustomBuild Include="MyTableWidget.h" />
    <CustomBuild Include="StyleWidget.h" />
    <CustomBuild Include="qpainterwidget.h" />
    <CustomBuild Include="trianglewindow.h" />
    <CustomBuild Include="DatabaseWizard.h" />
    <CustomBuild Include="openglwindow.h" />
    <CustomBuild Include="myopenglwidget.h" />
    <CustomBuild Include="geojsonparese.qrc" />
    <CustomBuild Include="qpainterwidget.ui" />
    <CustomBuild Include="myopenglwidget.ui" />
    <CustomBuild Include="StyleWidget.ui" />
    <CustomBuild Include="MGridInfoWidget.ui" />
    <CustomBuild Include="MyTableWidget.ui" />
    <CustomBuild Include="AudioInputWidget.ui" />
    <CustomBuild Include="ToolWidget.h">
      <Filter>Header Files</Filter>
    </CustomBuild>
    <CustomBuild Include="ToolWidget.ui">
      <Filter>Form Files</Filter>
    </CustomBuild>
    <CustomBuild Include="KernelToolWidget.h">
      <Filter>Header Files</Filter>
    </CustomBuild>
    <CustomBuild Include="KernelToolWidget.ui">
      <Filter>Form Files</Filter>
    </CustomBuild>
  </ItemGroup>
  <ItemGroup>
    <ResourceCompile Include="GeoSystem.rc" />
  </ItemGroup>
  <ItemGroup>
    <Filter Include="Header Files">
      <UniqueIdentifier>{93995380-89BD-4b04-88EB-625FBE52EBFB}</UniqueIdentifier>
      <Extensions>h;hh;hpp;hxx;hm;inl;inc;xsd</Extensions>
      <ParseFiles>true</ParseFiles>
    </Filter>
    <Filter Include="Source Files">
      <UniqueIdentifier>{4FC737F1-C7A5-4376-A066-2A32D752A2FF}</UniqueIdentifier>
      <Extensions>cpp;c;cc;cxx;def;odl;idl;hpj;bat;asm;asmx</Extensions>
      <ParseFiles>true</ParseFiles>
    </Filter>
    <Filter Include="Generated Files">
      <UniqueIdentifier>{71ED8ED8-ACB9-4CE9-BBE1-E00B30144E11}</UniqueIdentifier>
      <Extensions>moc;h;cpp</Extensions>
      <ParseFiles>true</ParseFiles>
    </Filter>
    <Filter Include="Form Files">
      <UniqueIdentifier>{99349809-55BA-4b9d-BF79-8FDBB0286EB3}</UniqueIdentifier>
      <Extensions>ui</Extensions>
      <ParseFiles>true</ParseFiles>
    </Filter>
  </ItemGroup>
</Project>